
Microsoft Visual Studio Solution File, Format Version 12.00
# Visual Studio Version 16
VisualStudioVersion = 16.0.29806.167
MinimumVisualStudioVersion = 10.0.40219.1
Project("{FAE04EC0-301F-11D3-BF4B-00C04F79EFBC}") = "TVRSvc.UI", "TVRSvc\TVRSvc.UI.csproj", "{6956E69C-F73F-4587-95F8-1CE7FE0171F3}"
EndProject
Project("{FAE04EC0-301F-11D3-BF4B-00C04F79EFBC}") = "TVRSvc.Core", "TVRSvc.Core\TVRSvc.Core.csproj", "{BF70D6F8-2CE6-4515-BD30-DD64A0CE297F}"
EndProject
Project("{FAE04EC0-301F-11D3-BF4B-00C04F79EFBC}") = "TVRSvc.Network", "TVRSvc.Network\TVRSvc.Network.csproj", "{9DFC4CB2-EE07-4881-9BCB-8358FC71176F}"
EndProject
Project("{FAE04EC0-301F-11D3-BF4B-00C04F79EFBC}") = "TVRSvc.Common", "TVRSvc.Common\TVRSvc.Common.csproj", "{1037E92A-B94F-49A8-A62A-6460901E80C4}"
EndProject
Global
	GlobalSection(SolutionConfigurationPlatforms) = preSolution
		Debug|Any CPU = Debug|Any CPU
		Release|Any CPU = Release|Any CPU
	EndGlobalSection
	GlobalSection(ProjectConfigurationPlatforms) = postSolution
		{6956E69C-F73F-4587-95F8-1CE7FE0171F3}.Debug|Any CPU.ActiveCfg = Debug|Any CPU
		{6956E69C-F73F-4587-95F8-1CE7FE0171F3}.Debug|Any CPU.Build.0 = Debug|Any CPU
		{6956E69C-F73F-4587-95F8-1CE7FE0171F3}.Release|Any CPU.ActiveCfg = Release|Any CPU
		{6956E69C-F73F-4587-95F8-1CE7FE0171F3}.Release|Any CPU.Build.0 = Release|Any CPU
		{BF70D6F8-2CE6-4515-BD30-DD64A0CE297F}.Debug|Any CPU.ActiveCfg = Debug|Any CPU
		{BF70D6F8-2CE6-4515-BD30-DD64A0CE297F}.Debug|Any CPU.Build.0 = Debug|Any CPU
		{BF70D6F8-2CE6-4515-BD30-DD64A0CE297F}.Release|Any CPU.ActiveCfg = Release|Any CPU
		{BF70D6F8-2CE6-4515-BD30-DD64A0CE297F}.Release|Any CPU.Build.0 = Release|Any CPU
		{9DFC4CB2-EE07-4881-9BCB-8358FC71176F}.Debug|Any CPU.ActiveCfg = Debug|Any CPU
		{9DFC4CB2-EE07-4881-9BCB-8358FC71176F}.Debug|Any CPU.Build.0 = Debug|Any CPU
		{9DFC4CB2-EE07-4881-9BCB-8358FC71176F}.Release|Any CPU.ActiveCfg = Release|Any CPU
		{9DFC4CB2-EE07-4881-9BCB-8358FC71176F}.Release|Any CPU.Build.0 = Release|Any CPU
		{1037E92A-B94F-49A8-A62A-6460901E80C4}.Debug|Any CPU.ActiveCfg = Debug|Any CPU
		{1037E92A-B94F-49A8-A62A-6460901E80C4}.Debug|Any CPU.Build.0 = Debug|Any CPU
		{1037E92A-B94F-49A8-A62A-6460901E80C4}.Release|Any CPU.ActiveCfg = Release|Any CPU
		{1037E92A-B94F-49A8-A62A-6460901E80C4}.Release|Any CPU.Build.0 = Release|Any CPU
	EndGlobalSection
	GlobalSection(SolutionProperties) = preSolution
		HideSolutionNode = FALSE
	EndGlobalSection
	GlobalSection(ExtensibilityGlobals) = postSolution
		SolutionGuid = {819CA7F4-3580-40CB-836F-2D470154CCE7}
	EndGlobalSection
EndGlobal
