
Microsoft Visual Studio Solution File, Format Version 12.00
# Visual Studio Version 16
VisualStudioVersion = 16.0.30114.105
MinimumVisualStudioVersion = 10.0.40219.1
Project("{FAE04EC0-301F-11D3-BF4B-00C04F79EFBC}") = "TVR.Service.Core", "TVR.Service.Core\TVR.Service.Core.csproj", "{E2E45E90-09F4-4A9A-B6A9-203833A3CA68}"
EndProject
Project("{FAE04EC0-301F-11D3-BF4B-00C04F79EFBC}") = "TVR.Service.Network", "TVR.Service.Network\TVR.Service.Network.csproj", "{61547D7D-3DFF-4AFF-B3DD-45F9489C556D}"
EndProject
Global
	GlobalSection(SolutionConfigurationPlatforms) = preSolution
		Debug|Any CPU = Debug|Any CPU
		Release|Any CPU = Release|Any CPU
	EndGlobalSection
	GlobalSection(ProjectConfigurationPlatforms) = postSolution
		{E2E45E90-09F4-4A9A-B6A9-203833A3CA68}.Debug|Any CPU.ActiveCfg = Debug|Any CPU
		{E2E45E90-09F4-4A9A-B6A9-203833A3CA68}.Debug|Any CPU.Build.0 = Debug|Any CPU
		{E2E45E90-09F4-4A9A-B6A9-203833A3CA68}.Release|Any CPU.ActiveCfg = Release|Any CPU
		{E2E45E90-09F4-4A9A-B6A9-203833A3CA68}.Release|Any CPU.Build.0 = Release|Any CPU
		{61547D7D-3DFF-4AFF-B3DD-45F9489C556D}.Debug|Any CPU.ActiveCfg = Debug|Any CPU
		{61547D7D-3DFF-4AFF-B3DD-45F9489C556D}.Debug|Any CPU.Build.0 = Debug|Any CPU
		{61547D7D-3DFF-4AFF-B3DD-45F9489C556D}.Release|Any CPU.ActiveCfg = Release|Any CPU
		{61547D7D-3DFF-4AFF-B3DD-45F9489C556D}.Release|Any CPU.Build.0 = Release|Any CPU
	EndGlobalSection
	GlobalSection(SolutionProperties) = preSolution
		HideSolutionNode = FALSE
	EndGlobalSection
	GlobalSection(ExtensibilityGlobals) = postSolution
		SolutionGuid = {1007E43A-A759-4E86-B716-DFC7BC8A8498}
	EndGlobalSection
EndGlobal
